
Microsoft Visual Studio Solution File, Format Version 12.00
# Visual Studio Version 17
VisualStudioVersion = 17.10.34928.147
MinimumVisualStudioVersion = 10.0.40219.1
Project("{FAE04EC0-301F-11D3-BF4B-00C04F79EFBC}") = "ToDoWebApi", "ToDoWebApi\ToDoWebApi.csproj", "{352DBB24-F641-4035-8EE2-2271194E4BAF}"
EndProject
Project("{FAE04EC0-301F-11D3-BF4B-00C04F79EFBC}") = "ToDoWebApi.Tests", "ToDoWebApi.Tests\ToDoWebApi.Tests.csproj", "{6D6B2D8C-EB71-437B-B08C-B3351AC05715}"
EndProject
Global
	GlobalSection(SolutionConfigurationPlatforms) = preSolution
		Debug|Any CPU = Debug|Any CPU
		Release|Any CPU = Release|Any CPU
	EndGlobalSection
	GlobalSection(ProjectConfigurationPlatforms) = postSolution
		{352DBB24-F641-4035-8EE2-2271194E4BAF}.Debug|Any CPU.ActiveCfg = Debug|Any CPU
		{352DBB24-F641-4035-8EE2-2271194E4BAF}.Debug|Any CPU.Build.0 = Debug|Any CPU
		{352DBB24-F641-4035-8EE2-2271194E4BAF}.Release|Any CPU.ActiveCfg = Release|Any CPU
		{352DBB24-F641-4035-8EE2-2271194E4BAF}.Release|Any CPU.Build.0 = Release|Any CPU
		{6D6B2D8C-EB71-437B-B08C-B3351AC05715}.Debug|Any CPU.ActiveCfg = Debug|Any CPU
		{6D6B2D8C-EB71-437B-B08C-B3351AC05715}.Debug|Any CPU.Build.0 = Debug|Any CPU
		{6D6B2D8C-EB71-437B-B08C-B3351AC05715}.Release|Any CPU.ActiveCfg = Release|Any CPU
		{6D6B2D8C-EB71-437B-B08C-B3351AC05715}.Release|Any CPU.Build.0 = Release|Any CPU
	EndGlobalSection
	GlobalSection(SolutionProperties) = preSolution
		HideSolutionNode = FALSE
	EndGlobalSection
	GlobalSection(ExtensibilityGlobals) = postSolution
		SolutionGuid = {1D4C1816-61DF-4900-8FA7-E73F7767BCEE}
	EndGlobalSection
EndGlobal
